
Microsoft Visual Studio Solution File, Format Version 12.00
# Visual Studio 2013
VisualStudioVersion = 12.0.31101.0
MinimumVisualStudioVersion = 10.0.40219.1
Project("{FAE04EC0-301F-11D3-BF4B-00C04F79EFBC}") = "Sudokuer", "Sudokuer\Sudokuer.csproj", "{1DADE605-4FDA-4DE7-9698-595718BB40B6}"
EndProject
Project("{FAE04EC0-301F-11D3-BF4B-00C04F79EFBC}") = "SudokuSolver", "SudokuSolver\SudokuSolver.csproj", "{F1DF6CBD-9FF2-473B-825D-26B770807115}"
EndProject
Project("{FAE04EC0-301F-11D3-BF4B-00C04F79EFBC}") = "QSharp.Scheme.ExactCover", "..\..\qsharp\QSharp\QSharp.Scheme.ExactCover\QSharp.Scheme.ExactCover.csproj", "{B0C01EA7-99A0-454C-8836-EA4BE34FF3CB}"
EndProject
Project("{FAE04EC0-301F-11D3-BF4B-00C04F79EFBC}") = "Sudokuer.Console", "Sudokuer.Console\Sudokuer.Console.csproj", "{EDB52DE0-B4BF-4E35-91E4-8916497DBC55}"
EndProject
Global
	GlobalSection(SolutionConfigurationPlatforms) = preSolution
		Debug|Any CPU = Debug|Any CPU
		Release|Any CPU = Release|Any CPU
	EndGlobalSection
	GlobalSection(ProjectConfigurationPlatforms) = postSolution
		{1DADE605-4FDA-4DE7-9698-595718BB40B6}.Debug|Any CPU.ActiveCfg = Debug|Any CPU
		{1DADE605-4FDA-4DE7-9698-595718BB40B6}.Debug|Any CPU.Build.0 = Debug|Any CPU
		{1DADE605-4FDA-4DE7-9698-595718BB40B6}.Release|Any CPU.ActiveCfg = Release|Any CPU
		{1DADE605-4FDA-4DE7-9698-595718BB40B6}.Release|Any CPU.Build.0 = Release|Any CPU
		{F1DF6CBD-9FF2-473B-825D-26B770807115}.Debug|Any CPU.ActiveCfg = Debug|Any CPU
		{F1DF6CBD-9FF2-473B-825D-26B770807115}.Debug|Any CPU.Build.0 = Debug|Any CPU
		{F1DF6CBD-9FF2-473B-825D-26B770807115}.Release|Any CPU.ActiveCfg = Release|Any CPU
		{F1DF6CBD-9FF2-473B-825D-26B770807115}.Release|Any CPU.Build.0 = Release|Any CPU
		{B0C01EA7-99A0-454C-8836-EA4BE34FF3CB}.Debug|Any CPU.ActiveCfg = Debug|Any CPU
		{B0C01EA7-99A0-454C-8836-EA4BE34FF3CB}.Debug|Any CPU.Build.0 = Debug|Any CPU
		{B0C01EA7-99A0-454C-8836-EA4BE34FF3CB}.Release|Any CPU.ActiveCfg = Release|Any CPU
		{B0C01EA7-99A0-454C-8836-EA4BE34FF3CB}.Release|Any CPU.Build.0 = Release|Any CPU
		{EDB52DE0-B4BF-4E35-91E4-8916497DBC55}.Debug|Any CPU.ActiveCfg = Debug|Any CPU
		{EDB52DE0-B4BF-4E35-91E4-8916497DBC55}.Debug|Any CPU.Build.0 = Debug|Any CPU
		{EDB52DE0-B4BF-4E35-91E4-8916497DBC55}.Release|Any CPU.ActiveCfg = Release|Any CPU
		{EDB52DE0-B4BF-4E35-91E4-8916497DBC55}.Release|Any CPU.Build.0 = Release|Any CPU
	EndGlobalSection
	GlobalSection(SolutionProperties) = preSolution
		HideSolutionNode = FALSE
	EndGlobalSection
EndGlobal
